// !$*UTF8*$!
{
	archiveVersion = 1;
	classes = {
	};
	objectVersion = 56;
	objects = {

/* Begin PBXBuildFile section */
		B1E0AD2A2B6A9E1500F19012 /* Airbnb_cloneApp.swift in Sources */ = {isa = PBXBuildFile; fileRef = B1E0AD292B6A9E1500F19012 /* Airbnb_cloneApp.swift */; };
		B1E0AD2C2B6A9E1500F19012 /* ContentView.swift in Sources */ = {isa = PBXBuildFile; fileRef = B1E0AD2B2B6A9E1500F19012 /* ContentView.swift */; };
		B1E0AD2E2B6A9E1600F19012 /* Assets.xcassets in Resources */ = {isa = PBXBuildFile; fileRef = B1E0AD2D2B6A9E1600F19012 /* Assets.xcassets */; };
		B1E0AD312B6A9E1600F19012 /* Preview Assets.xcassets in Resources */ = {isa = PBXBuildFile; fileRef = B1E0AD302B6A9E1600F19012 /* Preview Assets.xcassets */; };
		B1E0AD3B2B6A9E1600F19012 /* Airbnb_cloneTests.swift in Sources */ = {isa = PBXBuildFile; fileRef = B1E0AD3A2B6A9E1600F19012 /* Airbnb_cloneTests.swift */; };
		B1E0AD452B6A9E1600F19012 /* Airbnb_cloneUITests.swift in Sources */ = {isa = PBXBuildFile; fileRef = B1E0AD442B6A9E1600F19012 /* Airbnb_cloneUITests.swift */; };
		B1E0AD472B6A9E1600F19012 /* Airbnb_cloneUITestsLaunchTests.swift in Sources */ = {isa = PBXBuildFile; fileRef = B1E0AD462B6A9E1600F19012 /* Airbnb_cloneUITestsLaunchTests.swift */; };
		B1E0AD612B6AA11E00F19012 /* ExploreView.swift in Sources */ = {isa = PBXBuildFile; fileRef = B1E0AD602B6AA11E00F19012 /* ExploreView.swift */; };
		B1E0AD632B6AA2AF00F19012 /* ListingItemView.swift in Sources */ = {isa = PBXBuildFile; fileRef = B1E0AD622B6AA2AF00F19012 /* ListingItemView.swift */; };
		B1E0AD652B6ACD7600F19012 /* Search.swift in Sources */ = {isa = PBXBuildFile; fileRef = B1E0AD642B6ACD7600F19012 /* Search.swift */; };
		B1E0AD842B6C187400F19012 /* ListingDetailsView.swift in Sources */ = {isa = PBXBuildFile; fileRef = B1E0AD832B6C187400F19012 /* ListingDetailsView.swift */; };
		B1E0AD872B6C19D300F19012 /* CarouselIMages.swift in Sources */ = {isa = PBXBuildFile; fileRef = B1E0AD862B6C19D300F19012 /* CarouselIMages.swift */; };
		B1E0AD892B6D851F00F19012 /* DestinationSearchView.swift in Sources */ = {isa = PBXBuildFile; fileRef = B1E0AD882B6D851F00F19012 /* DestinationSearchView.swift */; };
		B1E0AD8B2B701CEC00F19012 /* ProfileView.swift in Sources */ = {isa = PBXBuildFile; fileRef = B1E0AD8A2B701CEC00F19012 /* ProfileView.swift */; };
		B1E0AD8D2B70268600F19012 /* WishListsView.swift in Sources */ = {isa = PBXBuildFile; fileRef = B1E0AD8C2B70268600F19012 /* WishListsView.swift */; };
		B1E0AD8F2B7027BE00F19012 /* CustomButton.swift in Sources */ = {isa = PBXBuildFile; fileRef = B1E0AD8E2B7027BE00F19012 /* CustomButton.swift */; };
		B1E0AD912B702D9700F19012 /* MainTabView.swift in Sources */ = {isa = PBXBuildFile; fileRef = B1E0AD902B702D9700F19012 /* MainTabView.swift */; };
		B1E0AD932B70315600F19012 /* ListingModel.swift in Sources */ = {isa = PBXBuildFile; fileRef = B1E0AD922B70315600F19012 /* ListingModel.swift */; };
		B1E0AD952B703AFE00F19012 /* DeveloperPreiew.swift in Sources */ = {isa = PBXBuildFile; fileRef = B1E0AD942B703AFE00F19012 /* DeveloperPreiew.swift */; };
		B1E0AD9B2B70422F00F19012 /* ExploreViewModel.swift in Sources */ = {isa = PBXBuildFile; fileRef = B1E0AD9A2B70422F00F19012 /* ExploreViewModel.swift */; };
		B1E0AD9D2B70423F00F19012 /* ExploreService.swift in Sources */ = {isa = PBXBuildFile; fileRef = B1E0AD9C2B70423F00F19012 /* ExploreService.swift */; };
/* End PBXBuildFile section */

/* Begin PBXContainerItemProxy section */
		B1E0AD372B6A9E1600F19012 /* PBXContainerItemProxy */ = {
			isa = PBXContainerItemProxy;
			containerPortal = B1E0AD1E2B6A9E1500F19012 /* Project object */;
			proxyType = 1;
			remoteGlobalIDString = B1E0AD252B6A9E1500F19012;
			remoteInfo = "Airbnb-clone";
		};
		B1E0AD412B6A9E1600F19012 /* PBXContainerItemProxy */ = {
			isa = PBXContainerItemProxy;
			containerPortal = B1E0AD1E2B6A9E1500F19012 /* Project object */;
			proxyType = 1;
			remoteGlobalIDString = B1E0AD252B6A9E1500F19012;
			remoteInfo = "Airbnb-clone";
		};
/* End PBXContainerItemProxy section */

/* Begin PBXFileReference section */
		B1E0AD262B6A9E1500F19012 /* Airbnb-clone.app */ = {isa = PBXFileReference; explicitFileType = wrapper.application; includeInIndex = 0; path = "Airbnb-clone.app"; sourceTree = BUILT_PRODUCTS_DIR; };
		B1E0AD292B6A9E1500F19012 /* Airbnb_cloneApp.swift */ = {isa = PBXFileReference; lastKnownFileType = sourcecode.swift; path = Airbnb_cloneApp.swift; sourceTree = "<group>"; };
		B1E0AD2B2B6A9E1500F19012 /* ContentView.swift */ = {isa = PBXFileReference; lastKnownFileType = sourcecode.swift; path = ContentView.swift; sourceTree = "<group>"; };
		B1E0AD2D2B6A9E1600F19012 /* Assets.xcassets */ = {isa = PBXFileReference; lastKnownFileType = folder.assetcatalog; path = Assets.xcassets; sourceTree = "<group>"; };
		B1E0AD302B6A9E1600F19012 /* Preview Assets.xcassets */ = {isa = PBXFileReference; lastKnownFileType = folder.assetcatalog; path = "Preview Assets.xcassets"; sourceTree = "<group>"; };
		B1E0AD362B6A9E1600F19012 /* Airbnb-cloneTests.xctest */ = {isa = PBXFileReference; explicitFileType = wrapper.cfbundle; includeInIndex = 0; path = "Airbnb-cloneTests.xctest"; sourceTree = BUILT_PRODUCTS_DIR; };
		B1E0AD3A2B6A9E1600F19012 /* Airbnb_cloneTests.swift */ = {isa = PBXFileReference; lastKnownFileType = sourcecode.swift; path = Airbnb_cloneTests.swift; sourceTree = "<group>"; };
		B1E0AD402B6A9E1600F19012 /* Airbnb-cloneUITests.xctest */ = {isa = PBXFileReference; explicitFileType = wrapper.cfbundle; includeInIndex = 0; path = "Airbnb-cloneUITests.xctest"; sourceTree = BUILT_PRODUCTS_DIR; };
		B1E0AD442B6A9E1600F19012 /* Airbnb_cloneUITests.swift */ = {isa = PBXFileReference; lastKnownFileType = sourcecode.swift; path = Airbnb_cloneUITests.swift; sourceTree = "<group>"; };
		B1E0AD462B6A9E1600F19012 /* Airbnb_cloneUITestsLaunchTests.swift */ = {isa = PBXFileReference; lastKnownFileType = sourcecode.swift; path = Airbnb_cloneUITestsLaunchTests.swift; sourceTree = "<group>"; };
		B1E0AD602B6AA11E00F19012 /* ExploreView.swift */ = {isa = PBXFileReference; lastKnownFileType = sourcecode.swift; path = ExploreView.swift; sourceTree = "<group>"; };
		B1E0AD622B6AA2AF00F19012 /* ListingItemView.swift */ = {isa = PBXFileReference; lastKnownFileType = sourcecode.swift; path = ListingItemView.swift; sourceTree = "<group>"; };
		B1E0AD642B6ACD7600F19012 /* Search.swift */ = {isa = PBXFileReference; lastKnownFileType = sourcecode.swift; path = Search.swift; sourceTree = "<group>"; };
		B1E0AD832B6C187400F19012 /* ListingDetailsView.swift */ = {isa = PBXFileReference; lastKnownFileType = sourcecode.swift; path = ListingDetailsView.swift; sourceTree = "<group>"; };
		B1E0AD862B6C19D300F19012 /* CarouselIMages.swift */ = {isa = PBXFileReference; lastKnownFileType = sourcecode.swift; path = CarouselIMages.swift; sourceTree = "<group>"; };
		B1E0AD882B6D851F00F19012 /* DestinationSearchView.swift */ = {isa = PBXFileReference; lastKnownFileType = sourcecode.swift; path = DestinationSearchView.swift; sourceTree = "<group>"; };
		B1E0AD8A2B701CEC00F19012 /* ProfileView.swift */ = {isa = PBXFileReference; lastKnownFileType = sourcecode.swift; path = ProfileView.swift; sourceTree = "<group>"; };
		B1E0AD8C2B70268600F19012 /* WishListsView.swift */ = {isa = PBXFileReference; lastKnownFileType = sourcecode.swift; path = WishListsView.swift; sourceTree = "<group>"; };
		B1E0AD8E2B7027BE00F19012 /* CustomButton.swift */ = {isa = PBXFileReference; lastKnownFileType = sourcecode.swift; path = CustomButton.swift; sourceTree = "<group>"; };
		B1E0AD902B702D9700F19012 /* MainTabView.swift */ = {isa = PBXFileReference; lastKnownFileType = sourcecode.swift; path = MainTabView.swift; sourceTree = "<group>"; };
		B1E0AD922B70315600F19012 /* ListingModel.swift */ = {isa = PBXFileReference; lastKnownFileType = sourcecode.swift; path = ListingModel.swift; sourceTree = "<group>"; };
		B1E0AD942B703AFE00F19012 /* DeveloperPreiew.swift */ = {isa = PBXFileReference; lastKnownFileType = sourcecode.swift; path = DeveloperPreiew.swift; sourceTree = "<group>"; };
		B1E0AD9A2B70422F00F19012 /* ExploreViewModel.swift */ = {isa = PBXFileReference; lastKnownFileType = sourcecode.swift; path = ExploreViewModel.swift; sourceTree = "<group>"; };
		B1E0AD9C2B70423F00F19012 /* ExploreService.swift */ = {isa = PBXFileReference; lastKnownFileType = sourcecode.swift; path = ExploreService.swift; sourceTree = "<group>"; };
/* End PBXFileReference section */

/* Begin PBXFrameworksBuildPhase section */
		B1E0AD232B6A9E1500F19012 /* Frameworks */ = {
			isa = PBXFrameworksBuildPhase;
			buildActionMask = 2147483647;
			files = (
			);
			runOnlyForDeploymentPostprocessing = 0;
		};
		B1E0AD332B6A9E1600F19012 /* Frameworks */ = {
			isa = PBXFrameworksBuildPhase;
			buildActionMask = 2147483647;
			files = (
			);
			runOnlyForDeploymentPostprocessing = 0;
		};
		B1E0AD3D2B6A9E1600F19012 /* Frameworks */ = {
			isa = PBXFrameworksBuildPhase;
			buildActionMask = 2147483647;
			files = (
			);
			runOnlyForDeploymentPostprocessing = 0;
		};
/* End PBXFrameworksBuildPhase section */

/* Begin PBXGroup section */
		B1E0AD1D2B6A9E1500F19012 = {
			isa = PBXGroup;
			children = (
				B1E0AD282B6A9E1500F19012 /* Airbnb-clone */,
				B1E0AD392B6A9E1600F19012 /* Airbnb-cloneTests */,
				B1E0AD432B6A9E1600F19012 /* Airbnb-cloneUITests */,
				B1E0AD272B6A9E1500F19012 /* Products */,
			);
			sourceTree = "<group>";
		};
		B1E0AD272B6A9E1500F19012 /* Products */ = {
			isa = PBXGroup;
			children = (
				B1E0AD262B6A9E1500F19012 /* Airbnb-clone.app */,
				B1E0AD362B6A9E1600F19012 /* Airbnb-cloneTests.xctest */,
				B1E0AD402B6A9E1600F19012 /* Airbnb-cloneUITests.xctest */,
			);
			name = Products;
			sourceTree = "<group>";
		};
		B1E0AD282B6A9E1500F19012 /* Airbnb-clone */ = {
			isa = PBXGroup;
			children = (
				B1E0AD582B6A9F5700F19012 /* Utils */,
				B1E0AD572B6A9F5000F19012 /* Models */,
				B1E0AD562B6A9F2700F19012 /* Extensions */,
				B1E0AD552B6A9ED400F19012 /* Core */,
				B1E0AD542B6A9EC600F19012 /* App */,
				B1E0AD2B2B6A9E1500F19012 /* ContentView.swift */,
				B1E0AD2D2B6A9E1600F19012 /* Assets.xcassets */,
				B1E0AD2F2B6A9E1600F19012 /* Preview Content */,
			);
			path = "Airbnb-clone";
			sourceTree = "<group>";
		};
		B1E0AD2F2B6A9E1600F19012 /* Preview Content */ = {
			isa = PBXGroup;
			children = (
				B1E0AD302B6A9E1600F19012 /* Preview Assets.xcassets */,
			);
			path = "Preview Content";
			sourceTree = "<group>";
		};
		B1E0AD392B6A9E1600F19012 /* Airbnb-cloneTests */ = {
			isa = PBXGroup;
			children = (
				B1E0AD3A2B6A9E1600F19012 /* Airbnb_cloneTests.swift */,
			);
			path = "Airbnb-cloneTests";
			sourceTree = "<group>";
		};
		B1E0AD432B6A9E1600F19012 /* Airbnb-cloneUITests */ = {
			isa = PBXGroup;
			children = (
				B1E0AD442B6A9E1600F19012 /* Airbnb_cloneUITests.swift */,
				B1E0AD462B6A9E1600F19012 /* Airbnb_cloneUITestsLaunchTests.swift */,
			);
			path = "Airbnb-cloneUITests";
			sourceTree = "<group>";
		};
		B1E0AD542B6A9EC600F19012 /* App */ = {
			isa = PBXGroup;
			children = (
				B1E0AD292B6A9E1500F19012 /* Airbnb_cloneApp.swift */,
			);
			name = App;
			sourceTree = "<group>";
		};
		B1E0AD552B6A9ED400F19012 /* Core */ = {
			isa = PBXGroup;
			children = (
				B1E0AD852B6C196500F19012 /* components */,
				B1E0AD5A2B6A9F8F00F19012 /* Explore */,
				B1E0AD5E2B6A9FC100F19012 /* Listings */,
				B1E0AD5B2B6A9F9B00F19012 /* MapView */,
				B1E0AD592B6A9F7D00F19012 /* Profile */,
				B1E0AD5C2B6A9FA700F19012 /* Root */,
				B1E0AD5D2B6A9FAD00F19012 /* TabBar */,
				B1E0AD5F2B6A9FD400F19012 /* Wishlists */,
			);
			name = Core;
			sourceTree = "<group>";
		};
		B1E0AD562B6A9F2700F19012 /* Extensions */ = {
			isa = PBXGroup;
			children = (
				B1E0AD942B703AFE00F19012 /* DeveloperPreiew.swift */,
			);
			path = Extensions;
			sourceTree = "<group>";
		};
		B1E0AD572B6A9F5000F19012 /* Models */ = {
			isa = PBXGroup;
			children = (
				B1E0AD922B70315600F19012 /* ListingModel.swift */,
			);
			name = Models;
			sourceTree = "<group>";
		};
		B1E0AD582B6A9F5700F19012 /* Utils */ = {
			isa = PBXGroup;
			children = (
			);
			path = Utils;
			sourceTree = "<group>";
		};
		B1E0AD592B6A9F7D00F19012 /* Profile */ = {
			isa = PBXGroup;
			children = (
				B1E0AD8A2B701CEC00F19012 /* ProfileView.swift */,
			);
			path = Profile;
			sourceTree = "<group>";
		};
		B1E0AD5A2B6A9F8F00F19012 /* Explore */ = {
			isa = PBXGroup;
			children = (
				B1E0AD992B70421600F19012 /* ViewModel */,
				B1E0AD982B70420E00F19012 /* Service */,
				B1E0AD972B7041FC00F19012 /* View */,
			);
			name = Explore;
			sourceTree = "<group>";
		};
		B1E0AD5B2B6A9F9B00F19012 /* MapView */ = {
			isa = PBXGroup;
			children = (
			);
			name = MapView;
			sourceTree = "<group>";
		};
		B1E0AD5C2B6A9FA700F19012 /* Root */ = {
			isa = PBXGroup;
			children = (
			);
			path = Root;
			sourceTree = "<group>";
		};
		B1E0AD5D2B6A9FAD00F19012 /* TabBar */ = {
			isa = PBXGroup;
			children = (
				B1E0AD902B702D9700F19012 /* MainTabView.swift */,
			);
			name = TabBar;
			sourceTree = "<group>";
		};
		B1E0AD5E2B6A9FC100F19012 /* Listings */ = {
			isa = PBXGroup;
			children = (
				B1E0AD622B6AA2AF00F19012 /* ListingItemView.swift */,
				B1E0AD832B6C187400F19012 /* ListingDetailsView.swift */,
			);
			path = Listings;
			sourceTree = "<group>";
		};
		B1E0AD5F2B6A9FD400F19012 /* Wishlists */ = {
			isa = PBXGroup;
			children = (
				B1E0AD8C2B70268600F19012 /* WishListsView.swift */,
			);
			name = Wishlists;
			sourceTree = "<group>";
		};
		B1E0AD852B6C196500F19012 /* components */ = {
			isa = PBXGroup;
			children = (
				B1E0AD862B6C19D300F19012 /* CarouselIMages.swift */,
				B1E0AD8E2B7027BE00F19012 /* CustomButton.swift */,
			);
			path = components;
			sourceTree = "<group>";
		};
		B1E0AD972B7041FC00F19012 /* View */ = {
			isa = PBXGroup;
			children = (
				B1E0AD602B6AA11E00F19012 /* ExploreView.swift */,
				B1E0AD642B6ACD7600F19012 /* Search.swift */,
				B1E0AD882B6D851F00F19012 /* DestinationSearchView.swift */,
			);
			path = View;
			sourceTree = "<group>";
		};
		B1E0AD982B70420E00F19012 /* Service */ = {
			isa = PBXGroup;
			children = (
				B1E0AD9C2B70423F00F19012 /* ExploreService.swift */,
			);
			name = Service;
			sourceTree = "<group>";
		};
		B1E0AD992B70421600F19012 /* ViewModel */ = {
			isa = PBXGroup;
			children = (
				B1E0AD9A2B70422F00F19012 /* ExploreViewModel.swift */,
			);
			name = ViewModel;
			sourceTree = "<group>";
		};
/* End PBXGroup section */

/* Begin PBXNativeTarget section */
		B1E0AD252B6A9E1500F19012 /* Airbnb-clone */ = {
			isa = PBXNativeTarget;
			buildConfigurationList = B1E0AD4A2B6A9E1600F19012 /* Build configuration list for PBXNativeTarget "Airbnb-clone" */;
			buildPhases = (
				B1E0AD222B6A9E1500F19012 /* Sources */,
				B1E0AD232B6A9E1500F19012 /* Frameworks */,
				B1E0AD242B6A9E1500F19012 /* Resources */,
			);
			buildRules = (
			);
			dependencies = (
			);
			name = "Airbnb-clone";
			productName = "Airbnb-clone";
			productReference = B1E0AD262B6A9E1500F19012 /* Airbnb-clone.app */;
			productType = "com.apple.product-type.application";
		};
		B1E0AD352B6A9E1600F19012 /* Airbnb-cloneTests */ = {
			isa = PBXNativeTarget;
			buildConfigurationList = B1E0AD4D2B6A9E1600F19012 /* Build configuration list for PBXNativeTarget "Airbnb-cloneTests" */;
			buildPhases = (
				B1E0AD322B6A9E1600F19012 /* Sources */,
				B1E0AD332B6A9E1600F19012 /* Frameworks */,
				B1E0AD342B6A9E1600F19012 /* Resources */,
			);
			buildRules = (
			);
			dependencies = (
				B1E0AD382B6A9E1600F19012 /* PBXTargetDependency */,
			);
			name = "Airbnb-cloneTests";
			productName = "Airbnb-cloneTests";
			productReference = B1E0AD362B6A9E1600F19012 /* Airbnb-cloneTests.xctest */;
			productType = "com.apple.product-type.bundle.unit-test";
		};
		B1E0AD3F2B6A9E1600F19012 /* Airbnb-cloneUITests */ = {
			isa = PBXNativeTarget;
			buildConfigurationList = B1E0AD502B6A9E1600F19012 /* Build configuration list for PBXNativeTarget "Airbnb-cloneUITests" */;
			buildPhases = (
				B1E0AD3C2B6A9E1600F19012 /* Sources */,
				B1E0AD3D2B6A9E1600F19012 /* Frameworks */,
				B1E0AD3E2B6A9E1600F19012 /* Resources */,
			);
			buildRules = (
			);
			dependencies = (
				B1E0AD422B6A9E1600F19012 /* PBXTargetDependency */,
			);
			name = "Airbnb-cloneUITests";
			productName = "Airbnb-cloneUITests";
			productReference = B1E0AD402B6A9E1600F19012 /* Airbnb-cloneUITests.xctest */;
			productType = "com.apple.product-type.bundle.ui-testing";
		};
/* End PBXNativeTarget section */

/* Begin PBXProject section */
		B1E0AD1E2B6A9E1500F19012 /* Project object */ = {
			isa = PBXProject;
			attributes = {
				BuildIndependentTargetsInParallel = 1;
				LastSwiftUpdateCheck = 1500;
				LastUpgradeCheck = 1500;
				TargetAttributes = {
					B1E0AD252B6A9E1500F19012 = {
						CreatedOnToolsVersion = 15.0.1;
					};
					B1E0AD352B6A9E1600F19012 = {
						CreatedOnToolsVersion = 15.0.1;
						TestTargetID = B1E0AD252B6A9E1500F19012;
					};
					B1E0AD3F2B6A9E1600F19012 = {
						CreatedOnToolsVersion = 15.0.1;
						TestTargetID = B1E0AD252B6A9E1500F19012;
					};
				};
			};
			buildConfigurationList = B1E0AD212B6A9E1500F19012 /* Build configuration list for PBXProject "Airbnb-clone" */;
			compatibilityVersion = "Xcode 14.0";
			developmentRegion = en;
			hasScannedForEncodings = 0;
			knownRegions = (
				en,
				Base,
			);
			mainGroup = B1E0AD1D2B6A9E1500F19012;
			productRefGroup = B1E0AD272B6A9E1500F19012 /* Products */;
			projectDirPath = "";
			projectRoot = "";
			targets = (
				B1E0AD252B6A9E1500F19012 /* Airbnb-clone */,
				B1E0AD352B6A9E1600F19012 /* Airbnb-cloneTests */,
				B1E0AD3F2B6A9E1600F19012 /* Airbnb-cloneUITests */,
			);
		};
/* End PBXProject section */

/* Begin PBXResourcesBuildPhase section */
		B1E0AD242B6A9E1500F19012 /* Resources */ = {
			isa = PBXResourcesBuildPhase;
			buildActionMask = 2147483647;
			files = (
				B1E0AD312B6A9E1600F19012 /* Preview Assets.xcassets in Resources */,
				B1E0AD2E2B6A9E1600F19012 /* Assets.xcassets in Resources */,
			);
			runOnlyForDeploymentPostprocessing = 0;
		};
		B1E0AD342B6A9E1600F19012 /* Resources */ = {
			isa = PBXResourcesBuildPhase;
			buildActionMask = 2147483647;
			files = (
			);
			runOnlyForDeploymentPostprocessing = 0;
		};
		B1E0AD3E2B6A9E1600F19012 /* Resources */ = {
			isa = PBXResourcesBuildPhase;
			buildActionMask = 2147483647;
			files = (
			);
			runOnlyForDeploymentPostprocessing = 0;
		};
/* End PBXResourcesBuildPhase section */

/* Begin PBXSourcesBuildPhase section */
		B1E0AD222B6A9E1500F19012 /* Sources */ = {
			isa = PBXSourcesBuildPhase;
			buildActionMask = 2147483647;
			files = (
				B1E0AD632B6AA2AF00F19012 /* ListingItemView.swift in Sources */,
				B1E0AD8D2B70268600F19012 /* WishListsView.swift in Sources */,
				B1E0AD8B2B701CEC00F19012 /* ProfileView.swift in Sources */,
				B1E0AD892B6D851F00F19012 /* DestinationSearchView.swift in Sources */,
				B1E0AD2C2B6A9E1500F19012 /* ContentView.swift in Sources */,
				B1E0AD842B6C187400F19012 /* ListingDetailsView.swift in Sources */,
				B1E0AD9B2B70422F00F19012 /* ExploreViewModel.swift in Sources */,
				B1E0AD652B6ACD7600F19012 /* Search.swift in Sources */,
				B1E0AD8F2B7027BE00F19012 /* CustomButton.swift in Sources */,
				B1E0AD872B6C19D300F19012 /* CarouselIMages.swift in Sources */,
				B1E0AD612B6AA11E00F19012 /* ExploreView.swift in Sources */,
				B1E0AD952B703AFE00F19012 /* DeveloperPreiew.swift in Sources */,
				B1E0AD2A2B6A9E1500F19012 /* Airbnb_cloneApp.swift in Sources */,
				B1E0AD932B70315600F19012 /* ListingModel.swift in Sources */,
				B1E0AD912B702D9700F19012 /* MainTabView.swift in Sources */,
				B1E0AD9D2B70423F00F19012 /* ExploreService.swift in Sources */,
			);
			runOnlyForDeploymentPostprocessing = 0;
		};
		B1E0AD322B6A9E1600F19012 /* Sources */ = {
			isa = PBXSourcesBuildPhase;
			buildActionMask = 2147483647;
			files = (
				B1E0AD3B2B6A9E1600F19012 /* Airbnb_cloneTests.swift in Sources */,
			);
			runOnlyForDeploymentPostprocessing = 0;
		};
		B1E0AD3C2B6A9E1600F19012 /* Sources */ = {
			isa = PBXSourcesBuildPhase;
			buildActionMask = 2147483647;
			files = (
				B1E0AD472B6A9E1600F19012 /* Airbnb_cloneUITestsLaunchTests.swift in Sources */,
				B1E0AD452B6A9E1600F19012 /* Airbnb_cloneUITests.swift in Sources */,
			);
			runOnlyForDeploymentPostprocessing = 0;
		};
/* End PBXSourcesBuildPhase section */

/* Begin PBXTargetDependency section */
		B1E0AD382B6A9E1600F19012 /* PBXTargetDependency */ = {
			isa = PBXTargetDependency;
			target = B1E0AD252B6A9E1500F19012 /* Airbnb-clone */;
			targetProxy = B1E0AD372B6A9E1600F19012 /* PBXContainerItemProxy */;
		};
		B1E0AD422B6A9E1600F19012 /* PBXTargetDependency */ = {
			isa = PBXTargetDependency;
			target = B1E0AD252B6A9E1500F19012 /* Airbnb-clone */;
			targetProxy = B1E0AD412B6A9E1600F19012 /* PBXContainerItemProxy */;
		};
/* End PBXTargetDependency section */

/* Begin XCBuildConfiguration section */
		B1E0AD482B6A9E1600F19012 /* Debug */ = {
			isa = XCBuildConfiguration;
			buildSettings = {
				ALWAYS_SEARCH_USER_PATHS = NO;
				ASSETCATALOG_COMPILER_GENERATE_SWIFT_ASSET_SYMBOL_EXTENSIONS = YES;
				CLANG_ANALYZER_NONNULL = YES;
				CLANG_ANALYZER_NUMBER_OBJECT_CONVERSION = YES_AGGRESSIVE;
				CLANG_CXX_LANGUAGE_STANDARD = "gnu++20";
				CLANG_ENABLE_MODULES = YES;
				CLANG_ENABLE_OBJC_ARC = YES;
				CLANG_ENABLE_OBJC_WEAK = YES;
				CLANG_WARN_BLOCK_CAPTURE_AUTORELEASING = YES;
				CLANG_WARN_BOOL_CONVERSION = YES;
				CLANG_WARN_COMMA = YES;
				CLANG_WARN_CONSTANT_CONVERSION = YES;
				CLANG_WARN_DEPRECATED_OBJC_IMPLEMENTATIONS = YES;
				CLANG_WARN_DIRECT_OBJC_ISA_USAGE = YES_ERROR;
				CLANG_WARN_DOCUMENTATION_COMMENTS = YES;
				CLANG_WARN_EMPTY_BODY = YES;
				CLANG_WARN_ENUM_CONVERSION = YES;
				CLANG_WARN_INFINITE_RECURSION = YES;
				CLANG_WARN_INT_CONVERSION = YES;
				CLANG_WARN_NON_LITERAL_NULL_CONVERSION = YES;
				CLANG_WARN_OBJC_IMPLICIT_RETAIN_SELF = YES;
				CLANG_WARN_OBJC_LITERAL_CONVERSION = YES;
				CLANG_WARN_OBJC_ROOT_CLASS = YES_ERROR;
				CLANG_WARN_QUOTED_INCLUDE_IN_FRAMEWORK_HEADER = YES;
				CLANG_WARN_RANGE_LOOP_ANALYSIS = YES;
				CLANG_WARN_STRICT_PROTOTYPES = YES;
				CLANG_WARN_SUSPICIOUS_MOVE = YES;
				CLANG_WARN_UNGUARDED_AVAILABILITY = YES_AGGRESSIVE;
				CLANG_WARN_UNREACHABLE_CODE = YES;
				CLANG_WARN__DUPLICATE_METHOD_MATCH = YES;
				COPY_PHASE_STRIP = NO;
				DEBUG_INFORMATION_FORMAT = dwarf;
				ENABLE_STRICT_OBJC_MSGSEND = YES;
				ENABLE_TESTABILITY = YES;
				ENABLE_USER_SCRIPT_SANDBOXING = YES;
				GCC_C_LANGUAGE_STANDARD = gnu17;
				GCC_DYNAMIC_NO_PIC = NO;
				GCC_NO_COMMON_BLOCKS = YES;
				GCC_OPTIMIZATION_LEVEL = 0;
				GCC_PREPROCESSOR_DEFINITIONS = (
					"DEBUG=1",
					"$(inherited)",
				);
				GCC_WARN_64_TO_32_BIT_CONVERSION = YES;
				GCC_WARN_ABOUT_RETURN_TYPE = YES_ERROR;
				GCC_WARN_UNDECLARED_SELECTOR = YES;
				GCC_WARN_UNINITIALIZED_AUTOS = YES_AGGRESSIVE;
				GCC_WARN_UNUSED_FUNCTION = YES;
				GCC_WARN_UNUSED_VARIABLE = YES;
				IPHONEOS_DEPLOYMENT_TARGET = 17.0;
				LOCALIZATION_PREFERS_STRING_CATALOGS = YES;
				MTL_ENABLE_DEBUG_INFO = INCLUDE_SOURCE;
				MTL_FAST_MATH = YES;
				ONLY_ACTIVE_ARCH = YES;
				SDKROOT = iphoneos;
				SWIFT_ACTIVE_COMPILATION_CONDITIONS = "DEBUG $(inherited)";
				SWIFT_OPTIMIZATION_LEVEL = "-Onone";
			};
			name = Debug;
		};
		B1E0AD492B6A9E1600F19012 /* Release */ = {
			isa = XCBuildConfiguration;
			buildSettings = {
				ALWAYS_SEARCH_USER_PATHS = NO;
				ASSETCATALOG_COMPILER_GENERATE_SWIFT_ASSET_SYMBOL_EXTENSIONS = YES;
				CLANG_ANALYZER_NONNULL = YES;
				CLANG_ANALYZER_NUMBER_OBJECT_CONVERSION = YES_AGGRESSIVE;
				CLANG_CXX_LANGUAGE_STANDARD = "gnu++20";
				CLANG_ENABLE_MODULES = YES;
				CLANG_ENABLE_OBJC_ARC = YES;
				CLANG_ENABLE_OBJC_WEAK = YES;
				CLANG_WARN_BLOCK_CAPTURE_AUTORELEASING = YES;
				CLANG_WARN_BOOL_CONVERSION = YES;
				CLANG_WARN_COMMA = YES;
				CLANG_WARN_CONSTANT_CONVERSION = YES;
				CLANG_WARN_DEPRECATED_OBJC_IMPLEMENTATIONS = YES;
				CLANG_WARN_DIRECT_OBJC_ISA_USAGE = YES_ERROR;
				CLANG_WARN_DOCUMENTATION_COMMENTS = YES;
				CLANG_WARN_EMPTY_BODY = YES;
				CLANG_WARN_ENUM_CONVERSION = YES;
				CLANG_WARN_INFINITE_RECURSION = YES;
				CLANG_WARN_INT_CONVERSION = YES;
				CLANG_WARN_NON_LITERAL_NULL_CONVERSION = YES;
				CLANG_WARN_OBJC_IMPLICIT_RETAIN_SELF = YES;
				CLANG_WARN_OBJC_LITERAL_CONVERSION = YES;
				CLANG_WARN_OBJC_ROOT_CLASS = YES_ERROR;
				CLANG_WARN_QUOTED_INCLUDE_IN_FRAMEWORK_HEADER = YES;
				CLANG_WARN_RANGE_LOOP_ANALYSIS = YES;
				CLANG_WARN_STRICT_PROTOTYPES = YES;
				CLANG_WARN_SUSPICIOUS_MOVE = YES;
				CLANG_WARN_UNGUARDED_AVAILABILITY = YES_AGGRESSIVE;
				CLANG_WARN_UNREACHABLE_CODE = YES;
				CLANG_WARN__DUPLICATE_METHOD_MATCH = YES;
				COPY_PHASE_STRIP = NO;
				DEBUG_INFORMATION_FORMAT = "dwarf-with-dsym";
				ENABLE_NS_ASSERTIONS = NO;
				ENABLE_STRICT_OBJC_MSGSEND = YES;
				ENABLE_USER_SCRIPT_SANDBOXING = YES;
				GCC_C_LANGUAGE_STANDARD = gnu17;
				GCC_NO_COMMON_BLOCKS = YES;
				GCC_WARN_64_TO_32_BIT_CONVERSION = YES;
				GCC_WARN_ABOUT_RETURN_TYPE = YES_ERROR;
				GCC_WARN_UNDECLARED_SELECTOR = YES;
				GCC_WARN_UNINITIALIZED_AUTOS = YES_AGGRESSIVE;
				GCC_WARN_UNUSED_FUNCTION = YES;
				GCC_WARN_UNUSED_VARIABLE = YES;
				IPHONEOS_DEPLOYMENT_TARGET = 17.0;
				LOCALIZATION_PREFERS_STRING_CATALOGS = YES;
				MTL_ENABLE_DEBUG_INFO = NO;
				MTL_FAST_MATH = YES;
				SDKROOT = iphoneos;
				SWIFT_COMPILATION_MODE = wholemodule;
				VALIDATE_PRODUCT = YES;
			};
			name = Release;
		};
		B1E0AD4B2B6A9E1600F19012 /* Debug */ = {
			isa = XCBuildConfiguration;
			buildSettings = {
				ASSETCATALOG_COMPILER_APPICON_NAME = AppIcon;
				ASSETCATALOG_COMPILER_GLOBAL_ACCENT_COLOR_NAME = AccentColor;
				CODE_SIGN_STYLE = Automatic;
				CURRENT_PROJECT_VERSION = 1;
				DEVELOPMENT_ASSET_PATHS = "\"Airbnb-clone/Preview Content\"";
				DEVELOPMENT_TEAM = 7K9ZDKVK5Z;
				ENABLE_PREVIEWS = YES;
				GENERATE_INFOPLIST_FILE = YES;
				INFOPLIST_KEY_UIApplicationSceneManifest_Generation = YES;
				INFOPLIST_KEY_UIApplicationSupportsIndirectInputEvents = YES;
				INFOPLIST_KEY_UILaunchScreen_Generation = YES;
				INFOPLIST_KEY_UISupportedInterfaceOrientations_iPad = "UIInterfaceOrientationPortrait UIInterfaceOrientationPortraitUpsideDown UIInterfaceOrientationLandscapeLeft UIInterfaceOrientationLandscapeRight";
				INFOPLIST_KEY_UISupportedInterfaceOrientations_iPhone = "UIInterfaceOrientationPortrait UIInterfaceOrientationLandscapeLeft UIInterfaceOrientationLandscapeRight";
				LD_RUNPATH_SEARCH_PATHS = (
					"$(inherited)",
					"@executable_path/Frameworks",
				);
				MARKETING_VERSION = 1.0;
				PRODUCT_BUNDLE_IDENTIFIER = "vdymir.dev.Airbnb-clone";
				PRODUCT_NAME = "$(TARGET_NAME)";
				SWIFT_EMIT_LOC_STRINGS = YES;
				SWIFT_VERSION = 5.0;
				TARGETED_DEVICE_FAMILY = "1,2";
			};
			name = Debug;
		};
		B1E0AD4C2B6A9E1600F19012 /* Release */ = {
			isa = XCBuildConfiguration;
			buildSettings = {
				ASSETCATALOG_COMPILER_APPICON_NAME = AppIcon;
				ASSETCATALOG_COMPILER_GLOBAL_ACCENT_COLOR_NAME = AccentColor;
				CODE_SIGN_STYLE = Automatic;
				CURRENT_PROJECT_VERSION = 1;
				DEVELOPMENT_ASSET_PATHS = "\"Airbnb-clone/Preview Content\"";
				DEVELOPMENT_TEAM = 7K9ZDKVK5Z;
				ENABLE_PREVIEWS = YES;
				GENERATE_INFOPLIST_FILE = YES;
				INFOPLIST_KEY_UIApplicationSceneManifest_Generation = YES;
				INFOPLIST_KEY_UIApplicationSupportsIndirectInputEvents = YES;
				INFOPLIST_KEY_UILaunchScreen_Generation = YES;
				INFOPLIST_KEY_UISupportedInterfaceOrientations_iPad = "UIInterfaceOrientationPortrait UIInterfaceOrientationPortraitUpsideDown UIInterfaceOrientationLandscapeLeft UIInterfaceOrientationLandscapeRight";
				INFOPLIST_KEY_UISupportedInterfaceOrientations_iPhone = "UIInterfaceOrientationPortrait UIInterfaceOrientationLandscapeLeft UIInterfaceOrientationLandscapeRight";
				LD_RUNPATH_SEARCH_PATHS = (
					"$(inherited)",
					"@executable_path/Frameworks",
				);
				MARKETING_VERSION = 1.0;
				PRODUCT_BUNDLE_IDENTIFIER = "vdymir.dev.Airbnb-clone";
				PRODUCT_NAME = "$(TARGET_NAME)";
				SWIFT_EMIT_LOC_STRINGS = YES;
				SWIFT_VERSION = 5.0;
				TARGETED_DEVICE_FAMILY = "1,2";
			};
			name = Release;
		};
		B1E0AD4E2B6A9E1600F19012 /* Debug */ = {
			isa = XCBuildConfiguration;
			buildSettings = {
				ALWAYS_EMBED_SWIFT_STANDARD_LIBRARIES = YES;
				BUNDLE_LOADER = "$(TEST_HOST)";
				CODE_SIGN_STYLE = Automatic;
				CURRENT_PROJECT_VERSION = 1;
				DEVELOPMENT_TEAM = 7K9ZDKVK5Z;
				GENERATE_INFOPLIST_FILE = YES;
				IPHONEOS_DEPLOYMENT_TARGET = 17.0;
				MARKETING_VERSION = 1.0;
				PRODUCT_BUNDLE_IDENTIFIER = "vdymir.dev.Airbnb-cloneTests";
				PRODUCT_NAME = "$(TARGET_NAME)";
				SWIFT_EMIT_LOC_STRINGS = NO;
				SWIFT_VERSION = 5.0;
				TARGETED_DEVICE_FAMILY = "1,2";
				TEST_HOST = "$(BUILT_PRODUCTS_DIR)/Airbnb-clone.app/$(BUNDLE_EXECUTABLE_FOLDER_PATH)/Airbnb-clone";
			};
			name = Debug;
		};
		B1E0AD4F2B6A9E1600F19012 /* Release */ = {
			isa = XCBuildConfiguration;
			buildSettings = {
				ALWAYS_EMBED_SWIFT_STANDARD_LIBRARIES = YES;
				BUNDLE_LOADER = "$(TEST_HOST)";
				CODE_SIGN_STYLE = Automatic;
				CURRENT_PROJECT_VERSION = 1;
				DEVELOPMENT_TEAM = 7K9ZDKVK5Z;
				GENERATE_INFOPLIST_FILE = YES;
				IPHONEOS_DEPLOYMENT_TARGET = 17.0;
				MARKETING_VERSION = 1.0;
				PRODUCT_BUNDLE_IDENTIFIER = "vdymir.dev.Airbnb-cloneTests";
				PRODUCT_NAME = "$(TARGET_NAME)";
				SWIFT_EMIT_LOC_STRINGS = NO;
				SWIFT_VERSION = 5.0;
				TARGETED_DEVICE_FAMILY = "1,2";
				TEST_HOST = "$(BUILT_PRODUCTS_DIR)/Airbnb-clone.app/$(BUNDLE_EXECUTABLE_FOLDER_PATH)/Airbnb-clone";
			};
			name = Release;
		};
		B1E0AD512B6A9E1600F19012 /* Debug */ = {
			isa = XCBuildConfiguration;
			buildSettings = {
				ALWAYS_EMBED_SWIFT_STANDARD_LIBRARIES = YES;
				CODE_SIGN_STYLE = Automatic;
				CURRENT_PROJECT_VERSION = 1;
				DEVELOPMENT_TEAM = 7K9ZDKVK5Z;
				GENERATE_INFOPLIST_FILE = YES;
				MARKETING_VERSION = 1.0;
				PRODUCT_BUNDLE_IDENTIFIER = "vdymir.dev.Airbnb-cloneUITests";
				PRODUCT_NAME = "$(TARGET_NAME)";
				SWIFT_EMIT_LOC_STRINGS = NO;
				SWIFT_VERSION = 5.0;
				TARGETED_DEVICE_FAMILY = "1,2";
				TEST_TARGET_NAME = "Airbnb-clone";
			};
			name = Debug;
		};
		B1E0AD522B6A9E1600F19012 /* Release */ = {
			isa = XCBuildConfiguration;
			buildSettings = {
				ALWAYS_EMBED_SWIFT_STANDARD_LIBRARIES = YES;
				CODE_SIGN_STYLE = Automatic;
				CURRENT_PROJECT_VERSION = 1;
				DEVELOPMENT_TEAM = 7K9ZDKVK5Z;
				GENERATE_INFOPLIST_FILE = YES;
				MARKETING_VERSION = 1.0;
				PRODUCT_BUNDLE_IDENTIFIER = "vdymir.dev.Airbnb-cloneUITests";
				PRODUCT_NAME = "$(TARGET_NAME)";
				SWIFT_EMIT_LOC_STRINGS = NO;
				SWIFT_VERSION = 5.0;
				TARGETED_DEVICE_FAMILY = "1,2";
				TEST_TARGET_NAME = "Airbnb-clone";
			};
			name = Release;
		};
/* End XCBuildConfiguration section */

/* Begin XCConfigurationList section */
		B1E0AD212B6A9E1500F19012 /* Build configuration list for PBXProject "Airbnb-clone" */ = {
			isa = XCConfigurationList;
			buildConfigurations = (
				B1E0AD482B6A9E1600F19012 /* Debug */,
				B1E0AD492B6A9E1600F19012 /* Release */,
			);
			defaultConfigurationIsVisible = 0;
			defaultConfigurationName = Release;
		};
		B1E0AD4A2B6A9E1600F19012 /* Build configuration list for PBXNativeTarget "Airbnb-clone" */ = {
			isa = XCConfigurationList;
			buildConfigurations = (
				B1E0AD4B2B6A9E1600F19012 /* Debug */,
				B1E0AD4C2B6A9E1600F19012 /* Release */,
			);
			defaultConfigurationIsVisible = 0;
			defaultConfigurationName = Release;
		};
		B1E0AD4D2B6A9E1600F19012 /* Build configuration list for PBXNativeTarget "Airbnb-cloneTests" */ = {
			isa = XCConfigurationList;
			buildConfigurations = (
				B1E0AD4E2B6A9E1600F19012 /* Debug */,
				B1E0AD4F2B6A9E1600F19012 /* Release */,
			);
			defaultConfigurationIsVisible = 0;
			defaultConfigurationName = Release;
		};
		B1E0AD502B6A9E1600F19012 /* Build configuration list for PBXNativeTarget "Airbnb-cloneUITests" */ = {
			isa = XCConfigurationList;
			buildConfigurations = (
				B1E0AD512B6A9E1600F19012 /* Debug */,
				B1E0AD522B6A9E1600F19012 /* Release */,
			);
			defaultConfigurationIsVisible = 0;
			defaultConfigurationName = Release;
		};
/* End XCConfigurationList section */
	};
	rootObject = B1E0AD1E2B6A9E1500F19012 /* Project object */;
}
